
Microsoft Visual Studio Solution File, Format Version 12.00
# Visual Studio Version 17
VisualStudioVersion = 17.14.36401.2
MinimumVisualStudioVersion = 10.0.40219.1
Project("{FAE04EC0-301F-11D3-BF4B-00C04F79EFBC}") = "TcrbPharmacy.Web", "TcrbPharmacy.Web.csproj", "{A9CB2D23-2C05-4AED-BB0A-172C0A563E68}"
EndProject
Project("{FAE04EC0-301F-11D3-BF4B-00C04F79EFBC}") = "TcrbPharmacy.Tests.", "..\TcrbPharmacy.Tests\TcrbPharmacy.Tests..csproj", "{DC1541B3-7B01-46BA-A4FD-E5B701ABF25A}"
EndProject
Global
	GlobalSection(SolutionConfigurationPlatforms) = preSolution
		Debug|Any CPU = Debug|Any CPU
		Release|Any CPU = Release|Any CPU
	EndGlobalSection
	GlobalSection(ProjectConfigurationPlatforms) = postSolution
		{A9CB2D23-2C05-4AED-BB0A-172C0A563E68}.Debug|Any CPU.ActiveCfg = Debug|Any CPU
		{A9CB2D23-2C05-4AED-BB0A-172C0A563E68}.Debug|Any CPU.Build.0 = Debug|Any CPU
		{A9CB2D23-2C05-4AED-BB0A-172C0A563E68}.Release|Any CPU.ActiveCfg = Release|Any CPU
		{A9CB2D23-2C05-4AED-BB0A-172C0A563E68}.Release|Any CPU.Build.0 = Release|Any CPU
		{DC1541B3-7B01-46BA-A4FD-E5B701ABF25A}.Debug|Any CPU.ActiveCfg = Debug|Any CPU
		{DC1541B3-7B01-46BA-A4FD-E5B701ABF25A}.Debug|Any CPU.Build.0 = Debug|Any CPU
		{DC1541B3-7B01-46BA-A4FD-E5B701ABF25A}.Release|Any CPU.ActiveCfg = Release|Any CPU
		{DC1541B3-7B01-46BA-A4FD-E5B701ABF25A}.Release|Any CPU.Build.0 = Release|Any CPU
	EndGlobalSection
	GlobalSection(SolutionProperties) = preSolution
		HideSolutionNode = FALSE
	EndGlobalSection
	GlobalSection(ExtensibilityGlobals) = postSolution
		SolutionGuid = {56848958-C6F7-478B-8EB2-45AB847135B8}
	EndGlobalSection
EndGlobal
